
Microsoft Visual Studio Solution File, Format Version 12.00
# Visual Studio Version 16
VisualStudioVersion = 16.0.30114.105
MinimumVisualStudioVersion = 10.0.40219.1
Project("{FAE04EC0-301F-11D3-BF4B-00C04F79EFBC}") = "Coffee.Machine", "Coffee.Machine\Coffee.Machine.csproj", "{BE3EC5C7-57F5-464D-BED5-C00F883394A6}"
EndProject
Project("{FAE04EC0-301F-11D3-BF4B-00C04F79EFBC}") = "Coffee.Machine.Interfaces", "Coffee.Machine.Interfaces\Coffee.Machine.Interfaces.csproj", "{90768A2A-4188-4D25-8A07-B92A89434124}"
EndProject
Project("{FAE04EC0-301F-11D3-BF4B-00C04F79EFBC}") = "Coffee.Machine.Logic", "Coffee.Machine.Logic\Coffee.Machine.Logic.csproj", "{8764920F-AD5D-47CE-AE79-7306AC917ED7}"
EndProject
Global
	GlobalSection(SolutionConfigurationPlatforms) = preSolution
		Debug|Any CPU = Debug|Any CPU
		Debug|x64 = Debug|x64
		Debug|x86 = Debug|x86
		Release|Any CPU = Release|Any CPU
		Release|x64 = Release|x64
		Release|x86 = Release|x86
	EndGlobalSection
	GlobalSection(SolutionProperties) = preSolution
		HideSolutionNode = FALSE
	EndGlobalSection
	GlobalSection(ProjectConfigurationPlatforms) = postSolution
		{BE3EC5C7-57F5-464D-BED5-C00F883394A6}.Debug|Any CPU.ActiveCfg = Debug|Any CPU
		{BE3EC5C7-57F5-464D-BED5-C00F883394A6}.Debug|Any CPU.Build.0 = Debug|Any CPU
		{BE3EC5C7-57F5-464D-BED5-C00F883394A6}.Debug|x64.ActiveCfg = Debug|Any CPU
		{BE3EC5C7-57F5-464D-BED5-C00F883394A6}.Debug|x64.Build.0 = Debug|Any CPU
		{BE3EC5C7-57F5-464D-BED5-C00F883394A6}.Debug|x86.ActiveCfg = Debug|Any CPU
		{BE3EC5C7-57F5-464D-BED5-C00F883394A6}.Debug|x86.Build.0 = Debug|Any CPU
		{BE3EC5C7-57F5-464D-BED5-C00F883394A6}.Release|Any CPU.ActiveCfg = Release|Any CPU
		{BE3EC5C7-57F5-464D-BED5-C00F883394A6}.Release|Any CPU.Build.0 = Release|Any CPU
		{BE3EC5C7-57F5-464D-BED5-C00F883394A6}.Release|x64.ActiveCfg = Release|Any CPU
		{BE3EC5C7-57F5-464D-BED5-C00F883394A6}.Release|x64.Build.0 = Release|Any CPU
		{BE3EC5C7-57F5-464D-BED5-C00F883394A6}.Release|x86.ActiveCfg = Release|Any CPU
		{BE3EC5C7-57F5-464D-BED5-C00F883394A6}.Release|x86.Build.0 = Release|Any CPU
		{90768A2A-4188-4D25-8A07-B92A89434124}.Debug|Any CPU.ActiveCfg = Debug|Any CPU
		{90768A2A-4188-4D25-8A07-B92A89434124}.Debug|Any CPU.Build.0 = Debug|Any CPU
		{90768A2A-4188-4D25-8A07-B92A89434124}.Debug|x64.ActiveCfg = Debug|Any CPU
		{90768A2A-4188-4D25-8A07-B92A89434124}.Debug|x64.Build.0 = Debug|Any CPU
		{90768A2A-4188-4D25-8A07-B92A89434124}.Debug|x86.ActiveCfg = Debug|Any CPU
		{90768A2A-4188-4D25-8A07-B92A89434124}.Debug|x86.Build.0 = Debug|Any CPU
		{90768A2A-4188-4D25-8A07-B92A89434124}.Release|Any CPU.ActiveCfg = Release|Any CPU
		{90768A2A-4188-4D25-8A07-B92A89434124}.Release|Any CPU.Build.0 = Release|Any CPU
		{90768A2A-4188-4D25-8A07-B92A89434124}.Release|x64.ActiveCfg = Release|Any CPU
		{90768A2A-4188-4D25-8A07-B92A89434124}.Release|x64.Build.0 = Release|Any CPU
		{90768A2A-4188-4D25-8A07-B92A89434124}.Release|x86.ActiveCfg = Release|Any CPU
		{90768A2A-4188-4D25-8A07-B92A89434124}.Release|x86.Build.0 = Release|Any CPU
		{8764920F-AD5D-47CE-AE79-7306AC917ED7}.Debug|Any CPU.ActiveCfg = Debug|Any CPU
		{8764920F-AD5D-47CE-AE79-7306AC917ED7}.Debug|Any CPU.Build.0 = Debug|Any CPU
		{8764920F-AD5D-47CE-AE79-7306AC917ED7}.Debug|x64.ActiveCfg = Debug|Any CPU
		{8764920F-AD5D-47CE-AE79-7306AC917ED7}.Debug|x64.Build.0 = Debug|Any CPU
		{8764920F-AD5D-47CE-AE79-7306AC917ED7}.Debug|x86.ActiveCfg = Debug|Any CPU
		{8764920F-AD5D-47CE-AE79-7306AC917ED7}.Debug|x86.Build.0 = Debug|Any CPU
		{8764920F-AD5D-47CE-AE79-7306AC917ED7}.Release|Any CPU.ActiveCfg = Release|Any CPU
		{8764920F-AD5D-47CE-AE79-7306AC917ED7}.Release|Any CPU.Build.0 = Release|Any CPU
		{8764920F-AD5D-47CE-AE79-7306AC917ED7}.Release|x64.ActiveCfg = Release|Any CPU
		{8764920F-AD5D-47CE-AE79-7306AC917ED7}.Release|x64.Build.0 = Release|Any CPU
		{8764920F-AD5D-47CE-AE79-7306AC917ED7}.Release|x86.ActiveCfg = Release|Any CPU
		{8764920F-AD5D-47CE-AE79-7306AC917ED7}.Release|x86.Build.0 = Release|Any CPU
	EndGlobalSection
EndGlobal
